{
  "name": "dns-proxy",
  "version": "0.0.1",
  "lockfileVersion": 1,
  "requires": true,
  "dependencies": {
    "assert-plus": {
      "version": "1.0.0",
      "resolved": "https://registry.npmjs.org/assert-plus/-/assert-plus-1.0.0.tgz",
      "integrity": "sha1-8S4PPF13sLHN2RRpQuTpbB5N1SU="
    },
    "async": {
      "version": "3.2.0",
      "resolved": "https://registry.npmjs.org/async/-/async-3.2.0.tgz",
      "integrity": "sha512-TR2mEZFVOj2pLStYxLht7TyfuRzaydfpxr3k9RpHIzMgw7A64dzsdqCxH1WJyQdoe8T10nDXd9wnEigmiuHIZw=="
    },
    "axios": {
      "version": "0.19.2",
      "resolved": "https://registry.npmjs.org/axios/-/axios-0.19.2.tgz",
      "integrity": "sha512-fjgm5MvRHLhx+osE2xoekY70AhARk3a6hkN+3Io1jc00jtquGvxYlKlsFUhmUET0V5te6CcZI7lcv2Ym61mjHA==",
      "requires": {
        "follow-redirects": "1.5.10"
      }
    },
    "binaryheap": {
      "version": "0.0.3",
      "resolved": "https://registry.npmjs.org/binaryheap/-/binaryheap-0.0.3.tgz",
      "integrity": "sha1-DWE2yE6fGlqQwLlxeMPgDfWYINY="
    },
    "bluebird": {
      "version": "3.7.2",
      "resolved": "https://registry.npmjs.org/bluebird/-/bluebird-3.7.2.tgz",
      "integrity": "sha512-XpNj6GDQzdfW+r2Wnn7xiSAd7TM3jzkxGXBGTtWKuSXv1xUV+azxAm8jdWZN06QTQk+2N2XB9jRDkvbmQmcRtg=="
    },
    "buffercursor": {
      "version": "0.0.12",
      "resolved": "https://registry.npmjs.org/buffercursor/-/buffercursor-0.0.12.tgz",
      "integrity": "sha1-eKmn9DQ659ggqJmazIDeWR4lp3k=",
      "requires": {
        "verror": "^1.4.0"
      }
    },
    "core-util-is": {
      "version": "1.0.2",
      "resolved": "https://registry.npmjs.org/core-util-is/-/core-util-is-1.0.2.tgz",
      "integrity": "sha1-tf1UIgqivFq1eqtxQMlAdUUDwac="
    },
    "debug": {
      "version": "3.1.0",
      "resolved": "https://registry.npmjs.org/debug/-/debug-3.1.0.tgz",
      "integrity": "sha512-OX8XqP7/1a9cqkxYw2yXss15f26NKWBpDXQd0/uK/KPqdQhxbPa994hnzjcE2VqQpDslf55723cKPUOGSmMY3g==",
      "requires": {
        "ms": "2.0.0"
      }
    },
    "extsprintf": {
      "version": "1.4.0",
      "resolved": "https://registry.npmjs.org/extsprintf/-/extsprintf-1.4.0.tgz",
      "integrity": "sha1-4mifjzVvrWLMplo6kcXfX5VRaS8="
    },
    "follow-redirects": {
      "version": "1.5.10",
      "resolved": "https://registry.npmjs.org/follow-redirects/-/follow-redirects-1.5.10.tgz",
      "integrity": "sha512-0V5l4Cizzvqt5D44aTXbFZz+FtyXV1vrDN6qrelxtfYQKW0KO0W2T/hkE8xvGa/540LkZlkaUjO4ailYTFtHVQ==",
      "requires": {
        "debug": "=3.1.0"
      }
    },
    "ipaddr.js": {
      "version": "0.1.9",
      "resolved": "https://registry.npmjs.org/ipaddr.js/-/ipaddr.js-0.1.9.tgz",
      "integrity": "sha1-qceMzBLckBDylqua7y9h9DLWnvo="
    },
    "lodash": {
      "version": "4.17.18",
      "resolved": "https://registry.npmjs.org/lodash/-/lodash-4.17.18.tgz",
      "integrity": "sha512-au4L1q0HKcaaa37qOdpWWhwzDnB/taYJfRiKULnaT+Ml9UaBIjJ2SOJMeLtSeeLT+zUdyFMm0+ts+j4eeuUpIA=="
    },
    "ms": {
      "version": "2.0.0",
      "resolved": "https://registry.npmjs.org/ms/-/ms-2.0.0.tgz",
      "integrity": "sha1-VgiurfwAvmwpAd9fmGF4jeDVl8g="
    },
    "native-dns": {
      "version": "0.7.0",
      "resolved": "https://registry.npmjs.org/native-dns/-/native-dns-0.7.0.tgz",
      "integrity": "sha1-30GGNvCPsp6Py37xQsgioViLpbc=",
      "requires": {
        "ipaddr.js": "~0.1.3",
        "native-dns-cache": "~0.0.2",
        "native-dns-packet": "~0.1.1"
      }
    },
    "native-dns-cache": {
      "version": "0.0.2",
      "resolved": "https://registry.npmjs.org/native-dns-cache/-/native-dns-cache-0.0.2.tgz",
      "integrity": "sha1-zgmY9/32x5kJcKMxkGJLDpjulZs=",
      "requires": {
        "binaryheap": ">= 0.0.3",
        "native-dns-packet": ">= 0.0.1"
      }
    },
    "native-dns-packet": {
      "version": "0.1.1",
      "resolved": "https://registry.npmjs.org/native-dns-packet/-/native-dns-packet-0.1.1.tgz",
      "integrity": "sha1-l9qQVwuEOKABlHAc4k0BH9PMEJo=",
      "requires": {
        "buffercursor": ">= 0.0.12",
        "ipaddr.js": ">= 0.1.1"
      }
    },
    "prettier": {
      "version": "2.0.5",
      "resolved": "https://registry.npmjs.org/prettier/-/prettier-2.0.5.tgz",
      "integrity": "sha512-7PtVymN48hGcO4fGjybyBSIWDsLU4H4XlvOHfq91pz9kkGlonzwTfYkaIEwiRg/dAJF9YlbsduBAgtYLi+8cFg=="
    },
    "verror": {
      "version": "1.10.0",
      "resolved": "https://registry.npmjs.org/verror/-/verror-1.10.0.tgz",
      "integrity": "sha1-OhBcoXBTr1XW4nDB+CiGguGNpAA=",
      "requires": {
        "assert-plus": "^1.0.0",
        "core-util-is": "1.0.2",
        "extsprintf": "^1.2.0"
      }
    }
  }
}
